
Microsoft Visual Studio Solution File, Format Version 12.00
# Visual Studio Version 16
VisualStudioVersion = 16.0.31911.196
MinimumVisualStudioVersion = 10.0.40219.1
Project("{FAE04EC0-301F-11D3-BF4B-00C04F79EFBC}") = "BasicProgrammingConstruction", "BasicProgrammingConstruction.csproj", "{AB414105-7736-41F1-84C4-0204DCEBA000}"
EndProject
Global
	GlobalSection(SolutionConfigurationPlatforms) = preSolution
		Debug|Any CPU = Debug|Any CPU
		Release|Any CPU = Release|Any CPU
	EndGlobalSection
	GlobalSection(ProjectConfigurationPlatforms) = postSolution
		{AB414105-7736-41F1-84C4-0204DCEBA000}.Debug|Any CPU.ActiveCfg = Debug|Any CPU
		{AB414105-7736-41F1-84C4-0204DCEBA000}.Debug|Any CPU.Build.0 = Debug|Any CPU
		{AB414105-7736-41F1-84C4-0204DCEBA000}.Release|Any CPU.ActiveCfg = Release|Any CPU
		{AB414105-7736-41F1-84C4-0204DCEBA000}.Release|Any CPU.Build.0 = Release|Any CPU
	EndGlobalSection
	GlobalSection(SolutionProperties) = preSolution
		HideSolutionNode = FALSE
	EndGlobalSection
	GlobalSection(ExtensibilityGlobals) = postSolution
		SolutionGuid = {29D6D4E7-33CA-4131-962D-2A8AD81515DB}
	EndGlobalSection
EndGlobal
